
Microsoft Visual Studio Solution File, Format Version 12.00
# Visual Studio Version 17
VisualStudioVersion = 17.7.34031.279
MinimumVisualStudioVersion = 10.0.40219.1
Project("{FAE04EC0-301F-11D3-BF4B-00C04F79EFBC}") = "GA1yourName", "GA1yourName\GA1yourName.csproj", "{93FCDBC3-262C-4AF1-90E7-B94CA805F220}"
EndProject
Global
	GlobalSection(SolutionConfigurationPlatforms) = preSolution
		Debug|Any CPU = Debug|Any CPU
		Release|Any CPU = Release|Any CPU
	EndGlobalSection
	GlobalSection(ProjectConfigurationPlatforms) = postSolution
		{93FCDBC3-262C-4AF1-90E7-B94CA805F220}.Debug|Any CPU.ActiveCfg = Debug|Any CPU
		{93FCDBC3-262C-4AF1-90E7-B94CA805F220}.Debug|Any CPU.Build.0 = Debug|Any CPU
		{93FCDBC3-262C-4AF1-90E7-B94CA805F220}.Release|Any CPU.ActiveCfg = Release|Any CPU
		{93FCDBC3-262C-4AF1-90E7-B94CA805F220}.Release|Any CPU.Build.0 = Release|Any CPU
	EndGlobalSection
	GlobalSection(SolutionProperties) = preSolution
		HideSolutionNode = FALSE
	EndGlobalSection
	GlobalSection(ExtensibilityGlobals) = postSolution
		SolutionGuid = {ECFB4178-2993-46BE-A920-99B5129BC652}
	EndGlobalSection
EndGlobal
